
Microsoft Visual Studio Solution File, Format Version 12.00
# Visual Studio Version 16
VisualStudioVersion = 16.0.32126.315
MinimumVisualStudioVersion = 10.0.40219.1
Project("{FAE04EC0-301F-11D3-BF4B-00C04F79EFBC}") = "my-name", "my-name\my-name.csproj", "{7DDE5E5F-AC42-48BD-801B-BC6410BD5DEC}"
EndProject
Global
	GlobalSection(SolutionConfigurationPlatforms) = preSolution
		Debug|Any CPU = Debug|Any CPU
		Release|Any CPU = Release|Any CPU
	EndGlobalSection
	GlobalSection(ProjectConfigurationPlatforms) = postSolution
		{7DDE5E5F-AC42-48BD-801B-BC6410BD5DEC}.Debug|Any CPU.ActiveCfg = Debug|Any CPU
		{7DDE5E5F-AC42-48BD-801B-BC6410BD5DEC}.Debug|Any CPU.Build.0 = Debug|Any CPU
		{7DDE5E5F-AC42-48BD-801B-BC6410BD5DEC}.Release|Any CPU.ActiveCfg = Release|Any CPU
		{7DDE5E5F-AC42-48BD-801B-BC6410BD5DEC}.Release|Any CPU.Build.0 = Release|Any CPU
	EndGlobalSection
	GlobalSection(SolutionProperties) = preSolution
		HideSolutionNode = FALSE
	EndGlobalSection
	GlobalSection(ExtensibilityGlobals) = postSolution
		SolutionGuid = {69A9DCD5-591B-4423-8235-57A2CC63127A}
	EndGlobalSection
EndGlobal
